# THIS IS AN AUTOGENERATED FILE. DO NOT EDIT THIS FILE DIRECTLY.
# yarn lockfile v1


"@babel/runtime@^7.5.5":
  version "7.10.2"
  resolved "https://registry.yarnpkg.com/@babel/runtime/-/runtime-7.10.2.tgz#d103f21f2602497d38348a32e008637d506db839"
  integrity sha512-6sF3uQw2ivImfVIl62RZ7MXhO2tap69WeWK57vAaimT6AZbE4FbqjdEJIN1UqoD6wI6B+1n9UiagafH1sxjOtg==
  dependencies:
    regenerator-runtime "^0.13.4"

connected-react-router@^6.8.0:
  version "6.8.0"
  resolved "https://registry.yarnpkg.com/connected-react-router/-/connected-react-router-6.8.0.tgz#ddc687b31d498322445d235d660798489fa56cae"
  integrity sha512-E64/6krdJM3Ag3MMmh2nKPtMbH15s3JQDuaYJvOVXzu6MbHbDyIvuwLOyhQIuP4Om9zqEfZYiVyflROibSsONg==
  dependencies:
    prop-types "^15.7.2"

hoist-non-react-statics@^3.3.0:
  version "3.3.2"
  resolved "https://registry.yarnpkg.com/hoist-non-react-statics/-/hoist-non-react-statics-3.3.2.tgz#ece0acaf71d62c2969c2ec59feff42a4b1a85b45"
  integrity sha512-/gGivxi8JPKWNm/W0jSmzcMPpfpPLc3dY/6GxhX2hQ9iGj3aDfklV4ET7NjKpSinLpJ5vafa9iiGIEZg10SfBw==
  dependencies:
    react-is "^16.7.0"

"js-tokens@^3.0.0 || ^4.0.0":
  version "4.0.0"
  resolved "https://registry.yarnpkg.com/js-tokens/-/js-tokens-4.0.0.tgz#19203fb59991df98e3a287050d4647cdeaf32499"
  integrity sha512-RdJUflcE3cUzKiMqQgsCu06FPu9UdIJO0beYbPhHN4k6apgJtifcoCtT9bcxOpYBtpD2kCM6Sbzg4CausW/PKQ==

loose-envify@^1.4.0:
  version "1.4.0"
  resolved "https://registry.yarnpkg.com/loose-envify/-/loose-envify-1.4.0.tgz#71ee51fa7be4caec1a63839f7e682d8132d30caf"
  integrity sha512-lyuxPGr/Wfhrlem2CL/UcnUc1zcqKAImBDzukY7Y5F/yQiNdko6+fRLevlw1HgMySw7f611UIY408EtxRSoK3Q==
  dependencies:
    js-tokens "^3.0.0 || ^4.0.0"

object-assign@^4.1.1:
  version "4.1.1"
  resolved "https://registry.yarnpkg.com/object-assign/-/object-assign-4.1.1.tgz#2109adc7965887cfc05cbbd442cac8bfbb360863"
  integrity sha1-IQmtx5ZYh8/AXLvUQsrIv7s2CGM=

prop-types@^15.7.2:
  version "15.7.2"
  resolved "https://registry.yarnpkg.com/prop-types/-/prop-types-15.7.2.tgz#52c41e75b8c87e72b9d9360e0206b99dcbffa6c5"
  integrity sha512-8QQikdH7//R2vurIJSutZ1smHYTcLpRWEOlHnzcWHmBYrOGUysKwSsrC89BCiFj3CbrfJ/nXFdJepOVrY1GCHQ==
  dependencies:
    loose-envify "^1.4.0"
    object-assign "^4.1.1"
    react-is "^16.8.1"

react-is@^16.7.0, react-is@^16.8.1, react-is@^16.9.0:
  version "16.13.1"
  resolved "https://registry.yarnpkg.com/react-is/-/react-is-16.13.1.tgz#789729a4dc36de2999dc156dd6c1d9c18cea56a4"
  integrity sha512-24e6ynE2H+OKt4kqsOvNd8kBpV65zoxbA4BVsEOB3ARVWQki/DHzaUoC5KuON/BiccDaCCTZBuOcfZs70kR8bQ==

react-redux@^7.2.0:
  version "7.2.0"
  resolved "https://registry.yarnpkg.com/react-redux/-/react-redux-7.2.0.tgz#f970f62192b3981642fec46fd0db18a074fe879d"
  integrity sha512-EvCAZYGfOLqwV7gh849xy9/pt55rJXPwmYvI4lilPM5rUT/1NxuuN59ipdBksRVSvz0KInbPnp4IfoXJXCqiDA==
  dependencies:
    "@babel/runtime" "^7.5.5"
    hoist-non-react-statics "^3.3.0"
    loose-envify "^1.4.0"
    prop-types "^15.7.2"
    react-is "^16.9.0"

regenerator-runtime@^0.13.4:
  version "0.13.5"
  resolved "https://registry.yarnpkg.com/regenerator-runtime/-/regenerator-runtime-0.13.5.tgz#d878a1d094b4306d10b9096484b33ebd55e26697"
  integrity sha512-ZS5w8CpKFinUzOwW3c83oPeVXoNsrLsaCoLtJvAClH135j/R77RuymhiSErhm2lKcwSCIpmvIWSbDkIfAqKQlA==
