# THIS IS AN AUTOGENERATED FILE. DO NOT EDIT THIS FILE DIRECTLY.
# yarn lockfile v1


"@babel/runtime@^7.4.4":
  version "7.10.2"
  resolved "https://registry.yarnpkg.com/@babel/runtime/-/runtime-7.10.2.tgz#d103f21f2602497d38348a32e008637d506db839"
  integrity sha512-6sF3uQw2ivImfVIl62RZ7MXhO2tap69WeWK57vAaimT6AZbE4FbqjdEJIN1UqoD6wI6B+1n9UiagafH1sxjOtg==
  dependencies:
    regenerator-runtime "^0.13.4"

"@material-ui/icons@^4.9.1":
  version "4.9.1"
  resolved "https://registry.yarnpkg.com/@material-ui/icons/-/icons-4.9.1.tgz#fdeadf8cb3d89208945b33dbc50c7c616d0bd665"
  integrity sha512-GBitL3oBWO0hzBhvA9KxqcowRUsA0qzwKkURyC8nppnC3fw54KPKZ+d4V1Eeg/UnDRSzDaI9nGCdel/eh9AQMg==
  dependencies:
    "@babel/runtime" "^7.4.4"

regenerator-runtime@^0.13.4:
  version "0.13.5"
  resolved "https://registry.yarnpkg.com/regenerator-runtime/-/regenerator-runtime-0.13.5.tgz#d878a1d094b4306d10b9096484b33ebd55e26697"
  integrity sha512-ZS5w8CpKFinUzOwW3c83oPeVXoNsrLsaCoLtJvAClH135j/R77RuymhiSErhm2lKcwSCIpmvIWSbDkIfAqKQlA==
